# THIS IS AN AUTOGENERATED FILE. DO NOT EDIT THIS FILE DIRECTLY.
# yarn lockfile v1


schema-dts@^0.2.0:
  version "0.2.0"
  resolved "https://registry.yarnpkg.com/schema-dts/-/schema-dts-0.2.0.tgz#e9d47590caa674ed68baf9a6da7e4338a6a6628f"
  integrity sha512-3Kv9wvB6Ch9QKjBBksxj47gsZ5BLvMRZw0q/9K5GZMShtiHljxVbtMQ97sQdppMAxd2253AmPQhPwmStnGp7Bg==

typescript@^3.2.4:
  version "3.2.4"
  resolved "https://registry.yarnpkg.com/typescript/-/typescript-3.2.4.tgz#c585cb952912263d915b462726ce244ba510ef3d"
  integrity sha512-0RNDbSdEokBeEAkgNbxJ+BLwSManFy9TeXz8uW+48j/xhEXv1ePME60olyzw2XzUqUBNAYFeJadIqAgNqIACwg==
